
Microsoft Visual Studio Solution File, Format Version 12.00
# Visual Studio 15
VisualStudioVersion = 15.0.27130.2027
MinimumVisualStudioVersion = 10.0.40219.1
Project("{2150E333-8FDC-42A3-9474-1A3956D46DE8}") = "1-Camada de Apresentação", "1-Camada de Apresentação", "{8B11483F-23A0-4EB8-8F6B-AABCC0D2C831}"
EndProject
Project("{2150E333-8FDC-42A3-9474-1A3956D46DE8}") = "2-Camada de Domínio", "2-Camada de Domínio", "{DDD27DBC-9462-4F46-B956-F7EA1774125B}"
EndProject
Project("{2150E333-8FDC-42A3-9474-1A3956D46DE8}") = "3-Camda de Infra", "3-Camda de Infra", "{0F03F836-C7CA-47C2-9201-3FCCDB26F98C}"
EndProject
Project("{2150E333-8FDC-42A3-9474-1A3956D46DE8}") = "4-Camada de Teste", "4-Camada de Teste", "{DEAB0481-1B57-42DF-9E83-D7BFAC8D85B0}"
EndProject
Project("{2150E333-8FDC-42A3-9474-1A3956D46DE8}") = "REST", "REST", "{08BF9992-CC4D-4F61-980D-ED1041BCCEF8}"
EndProject
Project("{2150E333-8FDC-42A3-9474-1A3956D46DE8}") = "Presentation", "Presentation", "{0922612F-9955-4B82-993C-E00F1C456F5D}"
EndProject
Project("{FAE04EC0-301F-11D3-BF4B-00C04F79EFBC}") = "ProjetoSimples.Domain", "ProjetoSimples.Domain\ProjetoSimples.Domain.csproj", "{6973E85B-EE36-4D07-AD2F-84B9BA79F15C}"
EndProject
Project("{FAE04EC0-301F-11D3-BF4B-00C04F79EFBC}") = "ProjetoSimples.Infra", "ProjetoSimples.Infra\ProjetoSimples.Infra.csproj", "{929D1A94-6D63-4471-A003-53B28BAE8692}"
EndProject
Project("{FAE04EC0-301F-11D3-BF4B-00C04F79EFBC}") = "ProjetoSimples.Test", "ProjetoSimples.Test\ProjetoSimples.Test.csproj", "{8E9F1CF0-592F-4262-B5A0-89D38417F17F}"
EndProject
Project("{FAE04EC0-301F-11D3-BF4B-00C04F79EFBC}") = "ProjetoSimples.Presentation.API", "ProjetoSimples.Presentation.API\ProjetoSimples.Presentation.API.csproj", "{7A2A81F7-CF8F-4C90-94FF-B143564F4B06}"
EndProject
Project("{FAE04EC0-301F-11D3-BF4B-00C04F79EFBC}") = "ProjetoSimples.Web", "ProjetoSimples.Web\ProjetoSimples.Web.csproj", "{71BCCC1C-AE9F-4E13-8395-BE44C6C817C0}"
EndProject
Global
	GlobalSection(SolutionConfigurationPlatforms) = preSolution
		Debug|Any CPU = Debug|Any CPU
		Release|Any CPU = Release|Any CPU
	EndGlobalSection
	GlobalSection(ProjectConfigurationPlatforms) = postSolution
		{6973E85B-EE36-4D07-AD2F-84B9BA79F15C}.Debug|Any CPU.ActiveCfg = Debug|Any CPU
		{6973E85B-EE36-4D07-AD2F-84B9BA79F15C}.Debug|Any CPU.Build.0 = Debug|Any CPU
		{6973E85B-EE36-4D07-AD2F-84B9BA79F15C}.Release|Any CPU.ActiveCfg = Release|Any CPU
		{6973E85B-EE36-4D07-AD2F-84B9BA79F15C}.Release|Any CPU.Build.0 = Release|Any CPU
		{929D1A94-6D63-4471-A003-53B28BAE8692}.Debug|Any CPU.ActiveCfg = Debug|Any CPU
		{929D1A94-6D63-4471-A003-53B28BAE8692}.Debug|Any CPU.Build.0 = Debug|Any CPU
		{929D1A94-6D63-4471-A003-53B28BAE8692}.Release|Any CPU.ActiveCfg = Release|Any CPU
		{929D1A94-6D63-4471-A003-53B28BAE8692}.Release|Any CPU.Build.0 = Release|Any CPU
		{8E9F1CF0-592F-4262-B5A0-89D38417F17F}.Debug|Any CPU.ActiveCfg = Debug|Any CPU
		{8E9F1CF0-592F-4262-B5A0-89D38417F17F}.Debug|Any CPU.Build.0 = Debug|Any CPU
		{8E9F1CF0-592F-4262-B5A0-89D38417F17F}.Release|Any CPU.ActiveCfg = Release|Any CPU
		{8E9F1CF0-592F-4262-B5A0-89D38417F17F}.Release|Any CPU.Build.0 = Release|Any CPU
		{7A2A81F7-CF8F-4C90-94FF-B143564F4B06}.Debug|Any CPU.ActiveCfg = Debug|Any CPU
		{7A2A81F7-CF8F-4C90-94FF-B143564F4B06}.Debug|Any CPU.Build.0 = Debug|Any CPU
		{7A2A81F7-CF8F-4C90-94FF-B143564F4B06}.Release|Any CPU.ActiveCfg = Release|Any CPU
		{7A2A81F7-CF8F-4C90-94FF-B143564F4B06}.Release|Any CPU.Build.0 = Release|Any CPU
		{71BCCC1C-AE9F-4E13-8395-BE44C6C817C0}.Debug|Any CPU.ActiveCfg = Debug|Any CPU
		{71BCCC1C-AE9F-4E13-8395-BE44C6C817C0}.Debug|Any CPU.Build.0 = Debug|Any CPU
		{71BCCC1C-AE9F-4E13-8395-BE44C6C817C0}.Release|Any CPU.ActiveCfg = Release|Any CPU
		{71BCCC1C-AE9F-4E13-8395-BE44C6C817C0}.Release|Any CPU.Build.0 = Release|Any CPU
	EndGlobalSection
	GlobalSection(SolutionProperties) = preSolution
		HideSolutionNode = FALSE
	EndGlobalSection
	GlobalSection(NestedProjects) = preSolution
		{08BF9992-CC4D-4F61-980D-ED1041BCCEF8} = {8B11483F-23A0-4EB8-8F6B-AABCC0D2C831}
		{0922612F-9955-4B82-993C-E00F1C456F5D} = {8B11483F-23A0-4EB8-8F6B-AABCC0D2C831}
		{6973E85B-EE36-4D07-AD2F-84B9BA79F15C} = {DDD27DBC-9462-4F46-B956-F7EA1774125B}
		{929D1A94-6D63-4471-A003-53B28BAE8692} = {0F03F836-C7CA-47C2-9201-3FCCDB26F98C}
		{8E9F1CF0-592F-4262-B5A0-89D38417F17F} = {DEAB0481-1B57-42DF-9E83-D7BFAC8D85B0}
		{7A2A81F7-CF8F-4C90-94FF-B143564F4B06} = {08BF9992-CC4D-4F61-980D-ED1041BCCEF8}
		{71BCCC1C-AE9F-4E13-8395-BE44C6C817C0} = {0922612F-9955-4B82-993C-E00F1C456F5D}
	EndGlobalSection
	GlobalSection(ExtensibilityGlobals) = postSolution
		SolutionGuid = {156282A7-0D67-4C2D-ACB6-AA4A88A8C5E4}
	EndGlobalSection
	GlobalSection(TeamFoundationVersionControl) = preSolution
		SccNumberOfProjects = 6
		SccEnterpriseProvider = {4CA58AB2-18FA-4F8D-95D4-32DDF27D184C}
		SccTeamFoundationServer = https://alessandraferreira.visualstudio.com/
		SccLocalPath0 = .
		SccProjectUniqueName1 = ProjetoSimples.Domain\\ProjetoSimples.Domain.csproj
		SccProjectTopLevelParentUniqueName1 = ProjetoSimples.sln
		SccProjectName1 = ProjetoSimples.Domain
		SccLocalPath1 = ProjetoSimples.Domain
		SccProjectUniqueName2 = ProjetoSimples.Infra\\ProjetoSimples.Infra.csproj
		SccProjectTopLevelParentUniqueName2 = ProjetoSimples.sln
		SccProjectName2 = ProjetoSimples.Infra
		SccLocalPath2 = ProjetoSimples.Infra
		SccProjectUniqueName3 = ProjetoSimples.Presentation.API\\ProjetoSimples.Presentation.API.csproj
		SccProjectTopLevelParentUniqueName3 = ProjetoSimples.sln
		SccProjectName3 = ProjetoSimples.Presentation.API
		SccLocalPath3 = ProjetoSimples.Presentation.API
		SccProjectUniqueName4 = ProjetoSimples.Test\\ProjetoSimples.Test.csproj
		SccProjectTopLevelParentUniqueName4 = ProjetoSimples.sln
		SccProjectName4 = ProjetoSimples.Test
		SccLocalPath4 = ProjetoSimples.Test
		SccProjectUniqueName5 = ProjetoSimples.Web\\ProjetoSimples.Web.csproj
		SccProjectTopLevelParentUniqueName5 = ProjetoSimples.sln
		SccProjectName5 = ProjetoSimples.Web
		SccLocalPath5 = ProjetoSimples.Web
	EndGlobalSection
EndGlobal
